// !$*UTF8*$!
{
	archiveVersion = 1;
	classes = {
	};
	objectVersion = 56;
	objects = {

/* Begin PBXBuildFile section */
		300119B62A658A3000677D32 /* ProfilePictureView.swift in Sources */ = {isa = PBXBuildFile; fileRef = 300119B52A658A3000677D32 /* ProfilePictureView.swift */; };
		3012080A2A50BDC5009C9EAC /* EventsCalendarView.swift in Sources */ = {isa = PBXBuildFile; fileRef = 301208092A50BDC5009C9EAC /* EventsCalendarView.swift */; };
		3012080D2A50BEA7009C9EAC /* DateExtension.swift in Sources */ = {isa = PBXBuildFile; fileRef = 3012080C2A50BEA7009C9EAC /* DateExtension.swift */; };
		3012080F2A50BEE7009C9EAC /* EventStore.swift in Sources */ = {isa = PBXBuildFile; fileRef = 3012080E2A50BEE7009C9EAC /* EventStore.swift */; };
		301208112A50C259009C9EAC /* StartTabView.swift in Sources */ = {isa = PBXBuildFile; fileRef = 301208102A50C259009C9EAC /* StartTabView.swift */; };
		301208152A50C277009C9EAC /* ListViewRow.swift in Sources */ = {isa = PBXBuildFile; fileRef = 301208132A50C277009C9EAC /* ListViewRow.swift */; };
		301208162A50C277009C9EAC /* EventsListView.swift in Sources */ = {isa = PBXBuildFile; fileRef = 301208142A50C277009C9EAC /* EventsListView.swift */; };
		3012081E2A50C2BF009C9EAC /* EventFormViewModel.swift in Sources */ = {isa = PBXBuildFile; fileRef = 3012081B2A50C2BF009C9EAC /* EventFormViewModel.swift */; };
		3012081F2A50C2BF009C9EAC /* EventFormView.swift in Sources */ = {isa = PBXBuildFile; fileRef = 3012081C2A50C2BF009C9EAC /* EventFormView.swift */; };
		301208202A50C2BF009C9EAC /* EventFormType.swift in Sources */ = {isa = PBXBuildFile; fileRef = 3012081D2A50C2BF009C9EAC /* EventFormType.swift */; };
		301208222A50C547009C9EAC /* DynamicBackgroundView.swift in Sources */ = {isa = PBXBuildFile; fileRef = 301208212A50C547009C9EAC /* DynamicBackgroundView.swift */; };
		301208262A532BB0009C9EAC /* CalendarView.swift in Sources */ = {isa = PBXBuildFile; fileRef = 301208252A532BAF009C9EAC /* CalendarView.swift */; };
		301208282A53A348009C9EAC /* DaysEventsListView.swift in Sources */ = {isa = PBXBuildFile; fileRef = 301208272A53A348009C9EAC /* DaysEventsListView.swift */; };
		309830512A3DCFF300F50658 /* InputPasswordView.swift in Sources */ = {isa = PBXBuildFile; fileRef = 309830502A3DCFF300F50658 /* InputPasswordView.swift */; };
		309830532A3DDA2900F50658 /* ButtonView.swift in Sources */ = {isa = PBXBuildFile; fileRef = 309830522A3DDA2900F50658 /* ButtonView.swift */; };
		30B896042A54850F00B7685D /* SlideInMenuService.swift in Sources */ = {isa = PBXBuildFile; fileRef = 30B896032A54850F00B7685D /* SlideInMenuService.swift */; };
		30B896062A54852500B7685D /* SlideInMenuView.swift in Sources */ = {isa = PBXBuildFile; fileRef = 30B896052A54852500B7685D /* SlideInMenuView.swift */; };
		30B896082A55BDB500B7685D /* Test.swift in Sources */ = {isa = PBXBuildFile; fileRef = 30B896072A55BDB500B7685D /* Test.swift */; };
		30BADD302A4F897F00014DF2 /* Event.swift in Sources */ = {isa = PBXBuildFile; fileRef = 30BADD2F2A4F897F00014DF2 /* Event.swift */; };
		30C700D92A4A004100FD4ED5 /* ProfileView.swift in Sources */ = {isa = PBXBuildFile; fileRef = 30C700D82A4A004100FD4ED5 /* ProfileView.swift */; };
		30C700DB2A4A1D2500FD4ED5 /* SettingsRowView.swift in Sources */ = {isa = PBXBuildFile; fileRef = 30C700DA2A4A1D2500FD4ED5 /* SettingsRowView.swift */; };
		30C700DD2A4A372800FD4ED5 /* User.swift in Sources */ = {isa = PBXBuildFile; fileRef = 30C700DC2A4A372800FD4ED5 /* User.swift */; };
		30C700E22A4A43DE00FD4ED5 /* AuthViewModel.swift in Sources */ = {isa = PBXBuildFile; fileRef = 30C700E12A4A43DE00FD4ED5 /* AuthViewModel.swift */; };
		30C700EA2A4CB75800FD4ED5 /* FirebaseAppDistribution-Beta in Frameworks */ = {isa = PBXBuildFile; productRef = 30C700E92A4CB75800FD4ED5 /* FirebaseAppDistribution-Beta */; };
		30C700EC2A4CB75800FD4ED5 /* FirebaseAuth in Frameworks */ = {isa = PBXBuildFile; productRef = 30C700EB2A4CB75800FD4ED5 /* FirebaseAuth */; };
		30C700EE2A4CB75800FD4ED5 /* FirebaseAuthCombine-Community in Frameworks */ = {isa = PBXBuildFile; productRef = 30C700ED2A4CB75800FD4ED5 /* FirebaseAuthCombine-Community */; };
		30C700F02A4CB75800FD4ED5 /* FirebaseDatabase in Frameworks */ = {isa = PBXBuildFile; productRef = 30C700EF2A4CB75800FD4ED5 /* FirebaseDatabase */; };
		30C700F22A4CB75800FD4ED5 /* FirebaseFirestore in Frameworks */ = {isa = PBXBuildFile; productRef = 30C700F12A4CB75800FD4ED5 /* FirebaseFirestore */; };
		30C700F42A4CB75800FD4ED5 /* FirebaseFirestoreCombine-Community in Frameworks */ = {isa = PBXBuildFile; productRef = 30C700F32A4CB75800FD4ED5 /* FirebaseFirestoreCombine-Community */; };
		30C700F62A4CB75800FD4ED5 /* FirebaseFirestoreSwift in Frameworks */ = {isa = PBXBuildFile; productRef = 30C700F52A4CB75800FD4ED5 /* FirebaseFirestoreSwift */; };
		30C700F82A4CB75800FD4ED5 /* FirebaseFunctions in Frameworks */ = {isa = PBXBuildFile; productRef = 30C700F72A4CB75800FD4ED5 /* FirebaseFunctions */; };
		30C700FA2A4CB75800FD4ED5 /* FirebaseFunctionsCombine-Community in Frameworks */ = {isa = PBXBuildFile; productRef = 30C700F92A4CB75800FD4ED5 /* FirebaseFunctionsCombine-Community */; };
		30C700FC2A4CB75800FD4ED5 /* FirebaseInAppMessaging-Beta in Frameworks */ = {isa = PBXBuildFile; productRef = 30C700FB2A4CB75800FD4ED5 /* FirebaseInAppMessaging-Beta */; };
		30C700FE2A4CB75800FD4ED5 /* FirebaseInAppMessagingSwift-Beta in Frameworks */ = {isa = PBXBuildFile; productRef = 30C700FD2A4CB75800FD4ED5 /* FirebaseInAppMessagingSwift-Beta */; };
		30C701002A4CB75800FD4ED5 /* FirebaseStorage in Frameworks */ = {isa = PBXBuildFile; productRef = 30C700FF2A4CB75800FD4ED5 /* FirebaseStorage */; };
		30C701022A4CB75800FD4ED5 /* FirebaseStorageCombine-Community in Frameworks */ = {isa = PBXBuildFile; productRef = 30C701012A4CB75800FD4ED5 /* FirebaseStorageCombine-Community */; };
		30C701062A4CF06100FD4ED5 /* GoogleService-Info.plist in Resources */ = {isa = PBXBuildFile; fileRef = 30C701052A4CF06100FD4ED5 /* GoogleService-Info.plist */; };
		30CC9D0F2A5C75D600CCD505 /* BaseMenuView.swift in Sources */ = {isa = PBXBuildFile; fileRef = 30CC9D0E2A5C75D600CCD505 /* BaseMenuView.swift */; };
		30D3A8CD2A3CCF4F0038C8D6 /* AppEntry.swift in Sources */ = {isa = PBXBuildFile; fileRef = 30D3A8CC2A3CCF4F0038C8D6 /* AppEntry.swift */; };
		30D3A8D12A3CCF510038C8D6 /* Assets.xcassets in Resources */ = {isa = PBXBuildFile; fileRef = 30D3A8D02A3CCF510038C8D6 /* Assets.xcassets */; };
		30D3A8D42A3CCF510038C8D6 /* Preview Assets.xcassets in Resources */ = {isa = PBXBuildFile; fileRef = 30D3A8D32A3CCF510038C8D6 /* Preview Assets.xcassets */; };
		30D3A8DE2A3CCF520038C8D6 /* VentureOut_RCIRTests.swift in Sources */ = {isa = PBXBuildFile; fileRef = 30D3A8DD2A3CCF520038C8D6 /* VentureOut_RCIRTests.swift */; };
		30D3A8E82A3CCF520038C8D6 /* VentureOut_RCIRUITests.swift in Sources */ = {isa = PBXBuildFile; fileRef = 30D3A8E72A3CCF520038C8D6 /* VentureOut_RCIRUITests.swift */; };
		30D3A8EA2A3CCF520038C8D6 /* VentureOut_RCIRUITestsLaunchTests.swift in Sources */ = {isa = PBXBuildFile; fileRef = 30D3A8E92A3CCF520038C8D6 /* VentureOut_RCIRUITestsLaunchTests.swift */; };
		30D3A9072A3CFA0C0038C8D6 /* InputTextFieldView.swift in Sources */ = {isa = PBXBuildFile; fileRef = 30D3A9062A3CFA0C0038C8D6 /* InputTextFieldView.swift */; };
		30DCBFC92A48BA3600F1D621 /* Sacramento-Regular.ttf in Resources */ = {isa = PBXBuildFile; fileRef = 30DCBFC82A48BA3600F1D621 /* Sacramento-Regular.ttf */; };
		30DCBFCB2A48C94500F1D621 /* RegistrationView.swift in Sources */ = {isa = PBXBuildFile; fileRef = 30DCBFCA2A48C94500F1D621 /* RegistrationView.swift */; };
		30F8B63C2A4496DA00B761E4 /* LoginView.swift in Sources */ = {isa = PBXBuildFile; fileRef = 30F8B63B2A4496DA00B761E4 /* LoginView.swift */; };
		30F8B63F2A44C19F00B761E4 /* PreviewLayoutModifier.swift in Sources */ = {isa = PBXBuildFile; fileRef = 30F8B63E2A44C19F00B761E4 /* PreviewLayoutModifier.swift */; };
/* End PBXBuildFile section */

/* Begin PBXContainerItemProxy section */
		30D3A8DA2A3CCF520038C8D6 /* PBXContainerItemProxy */ = {
			isa = PBXContainerItemProxy;
			containerPortal = 30D3A8C12A3CCF4F0038C8D6 /* Project object */;
			proxyType = 1;
			remoteGlobalIDString = 30D3A8C82A3CCF4F0038C8D6;
			remoteInfo = "VentureOut-RCIR";
		};
		30D3A8E42A3CCF520038C8D6 /* PBXContainerItemProxy */ = {
			isa = PBXContainerItemProxy;
			containerPortal = 30D3A8C12A3CCF4F0038C8D6 /* Project object */;
			proxyType = 1;
			remoteGlobalIDString = 30D3A8C82A3CCF4F0038C8D6;
			remoteInfo = "VentureOut-RCIR";
		};
/* End PBXContainerItemProxy section */

/* Begin PBXFileReference section */
		300119B52A658A3000677D32 /* ProfilePictureView.swift */ = {isa = PBXFileReference; lastKnownFileType = sourcecode.swift; path = ProfilePictureView.swift; sourceTree = "<group>"; };
		301208092A50BDC5009C9EAC /* EventsCalendarView.swift */ = {isa = PBXFileReference; lastKnownFileType = sourcecode.swift; path = EventsCalendarView.swift; sourceTree = "<group>"; };
		3012080C2A50BEA7009C9EAC /* DateExtension.swift */ = {isa = PBXFileReference; fileEncoding = 4; lastKnownFileType = sourcecode.swift; path = DateExtension.swift; sourceTree = "<group>"; };
		3012080E2A50BEE7009C9EAC /* EventStore.swift */ = {isa = PBXFileReference; fileEncoding = 4; lastKnownFileType = sourcecode.swift; path = EventStore.swift; sourceTree = "<group>"; };
		301208102A50C259009C9EAC /* StartTabView.swift */ = {isa = PBXFileReference; fileEncoding = 4; lastKnownFileType = sourcecode.swift; path = StartTabView.swift; sourceTree = "<group>"; };
		301208132A50C277009C9EAC /* ListViewRow.swift */ = {isa = PBXFileReference; fileEncoding = 4; lastKnownFileType = sourcecode.swift; path = ListViewRow.swift; sourceTree = "<group>"; };
		301208142A50C277009C9EAC /* EventsListView.swift */ = {isa = PBXFileReference; fileEncoding = 4; lastKnownFileType = sourcecode.swift; path = EventsListView.swift; sourceTree = "<group>"; };
		3012081B2A50C2BF009C9EAC /* EventFormViewModel.swift */ = {isa = PBXFileReference; fileEncoding = 4; lastKnownFileType = sourcecode.swift; path = EventFormViewModel.swift; sourceTree = "<group>"; };
		3012081C2A50C2BF009C9EAC /* EventFormView.swift */ = {isa = PBXFileReference; fileEncoding = 4; lastKnownFileType = sourcecode.swift; path = EventFormView.swift; sourceTree = "<group>"; };
		3012081D2A50C2BF009C9EAC /* EventFormType.swift */ = {isa = PBXFileReference; fileEncoding = 4; lastKnownFileType = sourcecode.swift; path = EventFormType.swift; sourceTree = "<group>"; };
		301208212A50C547009C9EAC /* DynamicBackgroundView.swift */ = {isa = PBXFileReference; lastKnownFileType = sourcecode.swift; path = DynamicBackgroundView.swift; sourceTree = "<group>"; };
		301208252A532BAF009C9EAC /* CalendarView.swift */ = {isa = PBXFileReference; lastKnownFileType = sourcecode.swift; path = CalendarView.swift; sourceTree = "<group>"; };
		301208272A53A348009C9EAC /* DaysEventsListView.swift */ = {isa = PBXFileReference; lastKnownFileType = sourcecode.swift; path = DaysEventsListView.swift; sourceTree = "<group>"; };
		309830502A3DCFF300F50658 /* InputPasswordView.swift */ = {isa = PBXFileReference; lastKnownFileType = sourcecode.swift; path = InputPasswordView.swift; sourceTree = "<group>"; };
		309830522A3DDA2900F50658 /* ButtonView.swift */ = {isa = PBXFileReference; lastKnownFileType = sourcecode.swift; path = ButtonView.swift; sourceTree = "<group>"; };
		30AEAAFB2A489ADA00BC635C /* Info.plist */ = {isa = PBXFileReference; lastKnownFileType = text.plist; path = Info.plist; sourceTree = "<group>"; };
		30B896032A54850F00B7685D /* SlideInMenuService.swift */ = {isa = PBXFileReference; lastKnownFileType = sourcecode.swift; path = SlideInMenuService.swift; sourceTree = "<group>"; };
		30B896052A54852500B7685D /* SlideInMenuView.swift */ = {isa = PBXFileReference; lastKnownFileType = sourcecode.swift; path = SlideInMenuView.swift; sourceTree = "<group>"; };
		30B896072A55BDB500B7685D /* Test.swift */ = {isa = PBXFileReference; lastKnownFileType = sourcecode.swift; path = Test.swift; sourceTree = "<group>"; };
		30BADD2F2A4F897F00014DF2 /* Event.swift */ = {isa = PBXFileReference; fileEncoding = 4; lastKnownFileType = sourcecode.swift; path = Event.swift; sourceTree = "<group>"; };
		30C700D82A4A004100FD4ED5 /* ProfileView.swift */ = {isa = PBXFileReference; lastKnownFileType = sourcecode.swift; path = ProfileView.swift; sourceTree = "<group>"; };
		30C700DA2A4A1D2500FD4ED5 /* SettingsRowView.swift */ = {isa = PBXFileReference; lastKnownFileType = sourcecode.swift; path = SettingsRowView.swift; sourceTree = "<group>"; };
		30C700DC2A4A372800FD4ED5 /* User.swift */ = {isa = PBXFileReference; lastKnownFileType = sourcecode.swift; path = User.swift; sourceTree = "<group>"; };
		30C700E12A4A43DE00FD4ED5 /* AuthViewModel.swift */ = {isa = PBXFileReference; lastKnownFileType = sourcecode.swift; path = AuthViewModel.swift; sourceTree = "<group>"; };
		30C701052A4CF06100FD4ED5 /* GoogleService-Info.plist */ = {isa = PBXFileReference; fileEncoding = 4; lastKnownFileType = text.plist.xml; path = "GoogleService-Info.plist"; sourceTree = "<group>"; };
		30CC9D0E2A5C75D600CCD505 /* BaseMenuView.swift */ = {isa = PBXFileReference; lastKnownFileType = sourcecode.swift; path = BaseMenuView.swift; sourceTree = "<group>"; };
		30D3A8C92A3CCF4F0038C8D6 /* VentureOut-RCIR.app */ = {isa = PBXFileReference; explicitFileType = wrapper.application; includeInIndex = 0; path = "VentureOut-RCIR.app"; sourceTree = BUILT_PRODUCTS_DIR; };
		30D3A8CC2A3CCF4F0038C8D6 /* AppEntry.swift */ = {isa = PBXFileReference; lastKnownFileType = sourcecode.swift; path = AppEntry.swift; sourceTree = "<group>"; };
		30D3A8D02A3CCF510038C8D6 /* Assets.xcassets */ = {isa = PBXFileReference; lastKnownFileType = folder.assetcatalog; path = Assets.xcassets; sourceTree = "<group>"; };
		30D3A8D32A3CCF510038C8D6 /* Preview Assets.xcassets */ = {isa = PBXFileReference; lastKnownFileType = folder.assetcatalog; path = "Preview Assets.xcassets"; sourceTree = "<group>"; };
		30D3A8D92A3CCF520038C8D6 /* VentureOut-RCIRTests.xctest */ = {isa = PBXFileReference; explicitFileType = wrapper.cfbundle; includeInIndex = 0; path = "VentureOut-RCIRTests.xctest"; sourceTree = BUILT_PRODUCTS_DIR; };
		30D3A8DD2A3CCF520038C8D6 /* VentureOut_RCIRTests.swift */ = {isa = PBXFileReference; lastKnownFileType = sourcecode.swift; path = VentureOut_RCIRTests.swift; sourceTree = "<group>"; };
		30D3A8E32A3CCF520038C8D6 /* VentureOut-RCIRUITests.xctest */ = {isa = PBXFileReference; explicitFileType = wrapper.cfbundle; includeInIndex = 0; path = "VentureOut-RCIRUITests.xctest"; sourceTree = BUILT_PRODUCTS_DIR; };
		30D3A8E72A3CCF520038C8D6 /* VentureOut_RCIRUITests.swift */ = {isa = PBXFileReference; lastKnownFileType = sourcecode.swift; path = VentureOut_RCIRUITests.swift; sourceTree = "<group>"; };
		30D3A8E92A3CCF520038C8D6 /* VentureOut_RCIRUITestsLaunchTests.swift */ = {isa = PBXFileReference; lastKnownFileType = sourcecode.swift; path = VentureOut_RCIRUITestsLaunchTests.swift; sourceTree = "<group>"; };
		30D3A9062A3CFA0C0038C8D6 /* InputTextFieldView.swift */ = {isa = PBXFileReference; lastKnownFileType = sourcecode.swift; path = InputTextFieldView.swift; sourceTree = "<group>"; };
		30DCBFC82A48BA3600F1D621 /* Sacramento-Regular.ttf */ = {isa = PBXFileReference; lastKnownFileType = file; path = "Sacramento-Regular.ttf"; sourceTree = "<group>"; };
		30DCBFCA2A48C94500F1D621 /* RegistrationView.swift */ = {isa = PBXFileReference; lastKnownFileType = sourcecode.swift; path = RegistrationView.swift; sourceTree = "<group>"; };
		30F8B63B2A4496DA00B761E4 /* LoginView.swift */ = {isa = PBXFileReference; lastKnownFileType = sourcecode.swift; path = LoginView.swift; sourceTree = "<group>"; };
		30F8B63E2A44C19F00B761E4 /* PreviewLayoutModifier.swift */ = {isa = PBXFileReference; lastKnownFileType = sourcecode.swift; path = PreviewLayoutModifier.swift; sourceTree = "<group>"; };
/* End PBXFileReference section */

/* Begin PBXFrameworksBuildPhase section */
		30D3A8C62A3CCF4F0038C8D6 /* Frameworks */ = {
			isa = PBXFrameworksBuildPhase;
			buildActionMask = 2147483647;
			files = (
				30C700FE2A4CB75800FD4ED5 /* FirebaseInAppMessagingSwift-Beta in Frameworks */,
				30C700EA2A4CB75800FD4ED5 /* FirebaseAppDistribution-Beta in Frameworks */,
				30C700EE2A4CB75800FD4ED5 /* FirebaseAuthCombine-Community in Frameworks */,
				30C701022A4CB75800FD4ED5 /* FirebaseStorageCombine-Community in Frameworks */,
				30C700FA2A4CB75800FD4ED5 /* FirebaseFunctionsCombine-Community in Frameworks */,
				30C700F02A4CB75800FD4ED5 /* FirebaseDatabase in Frameworks */,
				30C701002A4CB75800FD4ED5 /* FirebaseStorage in Frameworks */,
				30C700F82A4CB75800FD4ED5 /* FirebaseFunctions in Frameworks */,
				30C700F62A4CB75800FD4ED5 /* FirebaseFirestoreSwift in Frameworks */,
				30C700F42A4CB75800FD4ED5 /* FirebaseFirestoreCombine-Community in Frameworks */,
				30C700F22A4CB75800FD4ED5 /* FirebaseFirestore in Frameworks */,
				30C700EC2A4CB75800FD4ED5 /* FirebaseAuth in Frameworks */,
				30C700FC2A4CB75800FD4ED5 /* FirebaseInAppMessaging-Beta in Frameworks */,
			);
			runOnlyForDeploymentPostprocessing = 0;
		};
		30D3A8D62A3CCF520038C8D6 /* Frameworks */ = {
			isa = PBXFrameworksBuildPhase;
			buildActionMask = 2147483647;
			files = (
			);
			runOnlyForDeploymentPostprocessing = 0;
		};
		30D3A8E02A3CCF520038C8D6 /* Frameworks */ = {
			isa = PBXFrameworksBuildPhase;
			buildActionMask = 2147483647;
			files = (
			);
			runOnlyForDeploymentPostprocessing = 0;
		};
/* End PBXFrameworksBuildPhase section */

/* Begin PBXGroup section */
		3012080B2A50BEA7009C9EAC /* Extensions */ = {
			isa = PBXGroup;
			children = (
				3012080C2A50BEA7009C9EAC /* DateExtension.swift */,
			);
			path = Extensions;
			sourceTree = "<group>";
		};
		3012081A2A50C2BF009C9EAC /* EditUpdateView */ = {
			isa = PBXGroup;
			children = (
				3012081B2A50C2BF009C9EAC /* EventFormViewModel.swift */,
				3012081C2A50C2BF009C9EAC /* EventFormView.swift */,
				3012081D2A50C2BF009C9EAC /* EventFormType.swift */,
			);
			path = EditUpdateView;
			sourceTree = "<group>";
		};
		30AEAAF92A489A5600BC635C /* Fonts */ = {
			isa = PBXGroup;
			children = (
				30DCBFC82A48BA3600F1D621 /* Sacramento-Regular.ttf */,
			);
			path = Fonts;
			sourceTree = "<group>";
		};
		30B896022A5484DD00B7685D /* SlideInMenu */ = {
			isa = PBXGroup;
			children = (
				30B896032A54850F00B7685D /* SlideInMenuService.swift */,
				30B896052A54852500B7685D /* SlideInMenuView.swift */,
			);
			path = SlideInMenu;
			sourceTree = "<group>";
		};
		30BADD312A4F899600014DF2 /* Event */ = {
			isa = PBXGroup;
			children = (
				30BADD342A4F89DD00014DF2 /* EventView */,
				30BADD332A4F89B500014DF2 /* ViewModel */,
				30BADD322A4F89A700014DF2 /* Model */,
			);
			path = Event;
			sourceTree = "<group>";
		};
		30BADD322A4F89A700014DF2 /* Model */ = {
			isa = PBXGroup;
			children = (
				30BADD2F2A4F897F00014DF2 /* Event.swift */,
			);
			path = Model;
			sourceTree = "<group>";
		};
		30BADD332A4F89B500014DF2 /* ViewModel */ = {
			isa = PBXGroup;
			children = (
				3012080E2A50BEE7009C9EAC /* EventStore.swift */,
			);
			path = ViewModel;
			sourceTree = "<group>";
		};
		30BADD342A4F89DD00014DF2 /* EventView */ = {
			isa = PBXGroup;
			children = (
				301208102A50C259009C9EAC /* StartTabView.swift */,
				301208092A50BDC5009C9EAC /* EventsCalendarView.swift */,
				301208142A50C277009C9EAC /* EventsListView.swift */,
				301208252A532BAF009C9EAC /* CalendarView.swift */,
				301208132A50C277009C9EAC /* ListViewRow.swift */,
				3012081A2A50C2BF009C9EAC /* EditUpdateView */,
				301208272A53A348009C9EAC /* DaysEventsListView.swift */,
			);
			path = EventView;
			sourceTree = "<group>";
		};
		30BADD352A4F8A2300014DF2 /* Profile */ = {
			isa = PBXGroup;
			children = (
				30BADD362A4F8A4F00014DF2 /* ProfileView */,
				30F8B6342A4495C200B761E4 /* Model */,
			);
			path = Profile;
			sourceTree = "<group>";
		};
		30BADD362A4F8A4F00014DF2 /* ProfileView */ = {
			isa = PBXGroup;
			children = (
				30C700D82A4A004100FD4ED5 /* ProfileView.swift */,
			);
			path = ProfileView;
			sourceTree = "<group>";
		};
		30C700E02A4A43B100FD4ED5 /* ViewModel */ = {
			isa = PBXGroup;
			children = (
				30C700E12A4A43DE00FD4ED5 /* AuthViewModel.swift */,
			);
			path = ViewModel;
			sourceTree = "<group>";
		};
		30D3A8C02A3CCF4F0038C8D6 = {
			isa = PBXGroup;
			children = (
				30AEAAF92A489A5600BC635C /* Fonts */,
				30D3A8CB2A3CCF4F0038C8D6 /* VentureOut-RCIR */,
				30D3A8DC2A3CCF520038C8D6 /* VentureOut-RCIRTests */,
				30D3A8E62A3CCF520038C8D6 /* VentureOut-RCIRUITests */,
				30D3A8CA2A3CCF4F0038C8D6 /* Products */,
			);
			sourceTree = "<group>";
		};
		30D3A8CA2A3CCF4F0038C8D6 /* Products */ = {
			isa = PBXGroup;
			children = (
				30D3A8C92A3CCF4F0038C8D6 /* VentureOut-RCIR.app */,
				30D3A8D92A3CCF520038C8D6 /* VentureOut-RCIRTests.xctest */,
				30D3A8E32A3CCF520038C8D6 /* VentureOut-RCIRUITests.xctest */,
			);
			name = Products;
			sourceTree = "<group>";
		};
		30D3A8CB2A3CCF4F0038C8D6 /* VentureOut-RCIR */ = {
			isa = PBXGroup;
			children = (
				30AEAAFB2A489ADA00BC635C /* Info.plist */,
				3012080B2A50BEA7009C9EAC /* Extensions */,
				30F8B63D2A44C16400B761E4 /* Modifiers */,
				30D3A9052A3CF9B60038C8D6 /* ViewsComponents */,
				30F8B6322A44957100B761E4 /* App */,
				30F8B6362A44962D00B761E4 /* Authentication */,
				30D3A8D02A3CCF510038C8D6 /* Assets.xcassets */,
				30C701052A4CF06100FD4ED5 /* GoogleService-Info.plist */,
				30D3A8D22A3CCF510038C8D6 /* Preview Content */,
			);
			path = "VentureOut-RCIR";
			sourceTree = "<group>";
		};
		30D3A8D22A3CCF510038C8D6 /* Preview Content */ = {
			isa = PBXGroup;
			children = (
				30D3A8D32A3CCF510038C8D6 /* Preview Assets.xcassets */,
			);
			path = "Preview Content";
			sourceTree = "<group>";
		};
		30D3A8DC2A3CCF520038C8D6 /* VentureOut-RCIRTests */ = {
			isa = PBXGroup;
			children = (
				30D3A8DD2A3CCF520038C8D6 /* VentureOut_RCIRTests.swift */,
			);
			path = "VentureOut-RCIRTests";
			sourceTree = "<group>";
		};
		30D3A8E62A3CCF520038C8D6 /* VentureOut-RCIRUITests */ = {
			isa = PBXGroup;
			children = (
				30D3A8E72A3CCF520038C8D6 /* VentureOut_RCIRUITests.swift */,
				30D3A8E92A3CCF520038C8D6 /* VentureOut_RCIRUITestsLaunchTests.swift */,
			);
			path = "VentureOut-RCIRUITests";
			sourceTree = "<group>";
		};
		30D3A9052A3CF9B60038C8D6 /* ViewsComponents */ = {
			isa = PBXGroup;
			children = (
				30D3A9062A3CFA0C0038C8D6 /* InputTextFieldView.swift */,
				309830502A3DCFF300F50658 /* InputPasswordView.swift */,
				309830522A3DDA2900F50658 /* ButtonView.swift */,
				30C700DA2A4A1D2500FD4ED5 /* SettingsRowView.swift */,
				301208212A50C547009C9EAC /* DynamicBackgroundView.swift */,
				30B896072A55BDB500B7685D /* Test.swift */,
				300119B52A658A3000677D32 /* ProfilePictureView.swift */,
			);
			path = ViewsComponents;
			sourceTree = "<group>";
		};
		30F8B6322A44957100B761E4 /* App */ = {
			isa = PBXGroup;
			children = (
				30D3A8CC2A3CCF4F0038C8D6 /* AppEntry.swift */,
				30CC9D0E2A5C75D600CCD505 /* BaseMenuView.swift */,
				30B896022A5484DD00B7685D /* SlideInMenu */,
				30BADD352A4F8A2300014DF2 /* Profile */,
				30BADD312A4F899600014DF2 /* Event */,
			);
			path = App;
			sourceTree = "<group>";
		};
		30F8B6342A4495C200B761E4 /* Model */ = {
			isa = PBXGroup;
			children = (
				30C700DC2A4A372800FD4ED5 /* User.swift */,
			);
			path = Model;
			sourceTree = "<group>";
		};
		30F8B6362A44962D00B761E4 /* Authentication */ = {
			isa = PBXGroup;
			children = (
				30C700E02A4A43B100FD4ED5 /* ViewModel */,
				30F8B63B2A4496DA00B761E4 /* LoginView.swift */,
				30DCBFCA2A48C94500F1D621 /* RegistrationView.swift */,
			);
			path = Authentication;
			sourceTree = "<group>";
		};
		30F8B63D2A44C16400B761E4 /* Modifiers */ = {
			isa = PBXGroup;
			children = (
				30F8B63E2A44C19F00B761E4 /* PreviewLayoutModifier.swift */,
			);
			path = Modifiers;
			sourceTree = "<group>";
		};
/* End PBXGroup section */

/* Begin PBXNativeTarget section */
		30D3A8C82A3CCF4F0038C8D6 /* VentureOut-RCIR */ = {
			isa = PBXNativeTarget;
			buildConfigurationList = 30D3A8ED2A3CCF520038C8D6 /* Build configuration list for PBXNativeTarget "VentureOut-RCIR" */;
			buildPhases = (
				30D3A8C52A3CCF4F0038C8D6 /* Sources */,
				30D3A8C62A3CCF4F0038C8D6 /* Frameworks */,
				30D3A8C72A3CCF4F0038C8D6 /* Resources */,
			);
			buildRules = (
			);
			dependencies = (
			);
			name = "VentureOut-RCIR";
			packageProductDependencies = (
				30C700E92A4CB75800FD4ED5 /* FirebaseAppDistribution-Beta */,
				30C700EB2A4CB75800FD4ED5 /* FirebaseAuth */,
				30C700ED2A4CB75800FD4ED5 /* FirebaseAuthCombine-Community */,
				30C700EF2A4CB75800FD4ED5 /* FirebaseDatabase */,
				30C700F12A4CB75800FD4ED5 /* FirebaseFirestore */,
				30C700F32A4CB75800FD4ED5 /* FirebaseFirestoreCombine-Community */,
				30C700F52A4CB75800FD4ED5 /* FirebaseFirestoreSwift */,
				30C700F72A4CB75800FD4ED5 /* FirebaseFunctions */,
				30C700F92A4CB75800FD4ED5 /* FirebaseFunctionsCombine-Community */,
				30C700FB2A4CB75800FD4ED5 /* FirebaseInAppMessaging-Beta */,
				30C700FD2A4CB75800FD4ED5 /* FirebaseInAppMessagingSwift-Beta */,
				30C700FF2A4CB75800FD4ED5 /* FirebaseStorage */,
				30C701012A4CB75800FD4ED5 /* FirebaseStorageCombine-Community */,
			);
			productName = "VentureOut-RCIR";
			productReference = 30D3A8C92A3CCF4F0038C8D6 /* VentureOut-RCIR.app */;
			productType = "com.apple.product-type.application";
		};
		30D3A8D82A3CCF520038C8D6 /* VentureOut-RCIRTests */ = {
			isa = PBXNativeTarget;
			buildConfigurationList = 30D3A8F02A3CCF520038C8D6 /* Build configuration list for PBXNativeTarget "VentureOut-RCIRTests" */;
			buildPhases = (
				30D3A8D52A3CCF520038C8D6 /* Sources */,
				30D3A8D62A3CCF520038C8D6 /* Frameworks */,
				30D3A8D72A3CCF520038C8D6 /* Resources */,
			);
			buildRules = (
			);
			dependencies = (
				30D3A8DB2A3CCF520038C8D6 /* PBXTargetDependency */,
			);
			name = "VentureOut-RCIRTests";
			productName = "VentureOut-RCIRTests";
			productReference = 30D3A8D92A3CCF520038C8D6 /* VentureOut-RCIRTests.xctest */;
			productType = "com.apple.product-type.bundle.unit-test";
		};
		30D3A8E22A3CCF520038C8D6 /* VentureOut-RCIRUITests */ = {
			isa = PBXNativeTarget;
			buildConfigurationList = 30D3A8F32A3CCF520038C8D6 /* Build configuration list for PBXNativeTarget "VentureOut-RCIRUITests" */;
			buildPhases = (
				30D3A8DF2A3CCF520038C8D6 /* Sources */,
				30D3A8E02A3CCF520038C8D6 /* Frameworks */,
				30D3A8E12A3CCF520038C8D6 /* Resources */,
			);
			buildRules = (
			);
			dependencies = (
				30D3A8E52A3CCF520038C8D6 /* PBXTargetDependency */,
			);
			name = "VentureOut-RCIRUITests";
			productName = "VentureOut-RCIRUITests";
			productReference = 30D3A8E32A3CCF520038C8D6 /* VentureOut-RCIRUITests.xctest */;
			productType = "com.apple.product-type.bundle.ui-testing";
		};
/* End PBXNativeTarget section */

/* Begin PBXProject section */
		30D3A8C12A3CCF4F0038C8D6 /* Project object */ = {
			isa = PBXProject;
			attributes = {
				BuildIndependentTargetsInParallel = 1;
				LastSwiftUpdateCheck = 1420;
				LastUpgradeCheck = 1420;
				TargetAttributes = {
					30D3A8C82A3CCF4F0038C8D6 = {
						CreatedOnToolsVersion = 14.2;
					};
					30D3A8D82A3CCF520038C8D6 = {
						CreatedOnToolsVersion = 14.2;
						TestTargetID = 30D3A8C82A3CCF4F0038C8D6;
					};
					30D3A8E22A3CCF520038C8D6 = {
						CreatedOnToolsVersion = 14.2;
						TestTargetID = 30D3A8C82A3CCF4F0038C8D6;
					};
				};
			};
			buildConfigurationList = 30D3A8C42A3CCF4F0038C8D6 /* Build configuration list for PBXProject "VentureOut-RCIR" */;
			compatibilityVersion = "Xcode 14.0";
			developmentRegion = en;
			hasScannedForEncodings = 0;
			knownRegions = (
				en,
				Base,
			);
			mainGroup = 30D3A8C02A3CCF4F0038C8D6;
			packageReferences = (
				30C700E82A4CB75800FD4ED5 /* XCRemoteSwiftPackageReference "firebase-ios-sdk" */,
			);
			productRefGroup = 30D3A8CA2A3CCF4F0038C8D6 /* Products */;
			projectDirPath = "";
			projectRoot = "";
			targets = (
				30D3A8C82A3CCF4F0038C8D6 /* VentureOut-RCIR */,
				30D3A8D82A3CCF520038C8D6 /* VentureOut-RCIRTests */,
				30D3A8E22A3CCF520038C8D6 /* VentureOut-RCIRUITests */,
			);
		};
/* End PBXProject section */

/* Begin PBXResourcesBuildPhase section */
		30D3A8C72A3CCF4F0038C8D6 /* Resources */ = {
			isa = PBXResourcesBuildPhase;
			buildActionMask = 2147483647;
			files = (
				30D3A8D42A3CCF510038C8D6 /* Preview Assets.xcassets in Resources */,
				30C701062A4CF06100FD4ED5 /* GoogleService-Info.plist in Resources */,
				30D3A8D12A3CCF510038C8D6 /* Assets.xcassets in Resources */,
				30DCBFC92A48BA3600F1D621 /* Sacramento-Regular.ttf in Resources */,
			);
			runOnlyForDeploymentPostprocessing = 0;
		};
		30D3A8D72A3CCF520038C8D6 /* Resources */ = {
			isa = PBXResourcesBuildPhase;
			buildActionMask = 2147483647;
			files = (
			);
			runOnlyForDeploymentPostprocessing = 0;
		};
		30D3A8E12A3CCF520038C8D6 /* Resources */ = {
			isa = PBXResourcesBuildPhase;
			buildActionMask = 2147483647;
			files = (
			);
			runOnlyForDeploymentPostprocessing = 0;
		};
/* End PBXResourcesBuildPhase section */

/* Begin PBXSourcesBuildPhase section */
		30D3A8C52A3CCF4F0038C8D6 /* Sources */ = {
			isa = PBXSourcesBuildPhase;
			buildActionMask = 2147483647;
			files = (
				309830512A3DCFF300F50658 /* InputPasswordView.swift in Sources */,
				301208112A50C259009C9EAC /* StartTabView.swift in Sources */,
				301208262A532BB0009C9EAC /* CalendarView.swift in Sources */,
				30C700D92A4A004100FD4ED5 /* ProfileView.swift in Sources */,
				30CC9D0F2A5C75D600CCD505 /* BaseMenuView.swift in Sources */,
				3012080A2A50BDC5009C9EAC /* EventsCalendarView.swift in Sources */,
				301208202A50C2BF009C9EAC /* EventFormType.swift in Sources */,
				3012080D2A50BEA7009C9EAC /* DateExtension.swift in Sources */,
				30DCBFCB2A48C94500F1D621 /* RegistrationView.swift in Sources */,
				30F8B63C2A4496DA00B761E4 /* LoginView.swift in Sources */,
				30D3A8CD2A3CCF4F0038C8D6 /* AppEntry.swift in Sources */,
				30C700DB2A4A1D2500FD4ED5 /* SettingsRowView.swift in Sources */,
				30C700DD2A4A372800FD4ED5 /* User.swift in Sources */,
				30F8B63F2A44C19F00B761E4 /* PreviewLayoutModifier.swift in Sources */,
				301208222A50C547009C9EAC /* DynamicBackgroundView.swift in Sources */,
				30B896042A54850F00B7685D /* SlideInMenuService.swift in Sources */,
				309830532A3DDA2900F50658 /* ButtonView.swift in Sources */,
				301208152A50C277009C9EAC /* ListViewRow.swift in Sources */,
				3012081F2A50C2BF009C9EAC /* EventFormView.swift in Sources */,
				30C700E22A4A43DE00FD4ED5 /* AuthViewModel.swift in Sources */,
				3012080F2A50BEE7009C9EAC /* EventStore.swift in Sources */,
				30B896082A55BDB500B7685D /* Test.swift in Sources */,
				30B896062A54852500B7685D /* SlideInMenuView.swift in Sources */,
				301208162A50C277009C9EAC /* EventsListView.swift in Sources */,
				30BADD302A4F897F00014DF2 /* Event.swift in Sources */,
				301208282A53A348009C9EAC /* DaysEventsListView.swift in Sources */,
				30D3A9072A3CFA0C0038C8D6 /* InputTextFieldView.swift in Sources */,
				3012081E2A50C2BF009C9EAC /* EventFormViewModel.swift in Sources */,
				300119B62A658A3000677D32 /* ProfilePictureView.swift in Sources */,
			);
			runOnlyForDeploymentPostprocessing = 0;
		};
		30D3A8D52A3CCF520038C8D6 /* Sources */ = {
			isa = PBXSourcesBuildPhase;
			buildActionMask = 2147483647;
			files = (
				30D3A8DE2A3CCF520038C8D6 /* VentureOut_RCIRTests.swift in Sources */,
			);
			runOnlyForDeploymentPostprocessing = 0;
		};
		30D3A8DF2A3CCF520038C8D6 /* Sources */ = {
			isa = PBXSourcesBuildPhase;
			buildActionMask = 2147483647;
			files = (
				30D3A8E82A3CCF520038C8D6 /* VentureOut_RCIRUITests.swift in Sources */,
				30D3A8EA2A3CCF520038C8D6 /* VentureOut_RCIRUITestsLaunchTests.swift in Sources */,
			);
			runOnlyForDeploymentPostprocessing = 0;
		};
/* End PBXSourcesBuildPhase section */

/* Begin PBXTargetDependency section */
		30D3A8DB2A3CCF520038C8D6 /* PBXTargetDependency */ = {
			isa = PBXTargetDependency;
			target = 30D3A8C82A3CCF4F0038C8D6 /* VentureOut-RCIR */;
			targetProxy = 30D3A8DA2A3CCF520038C8D6 /* PBXContainerItemProxy */;
		};
		30D3A8E52A3CCF520038C8D6 /* PBXTargetDependency */ = {
			isa = PBXTargetDependency;
			target = 30D3A8C82A3CCF4F0038C8D6 /* VentureOut-RCIR */;
			targetProxy = 30D3A8E42A3CCF520038C8D6 /* PBXContainerItemProxy */;
		};
/* End PBXTargetDependency section */

/* Begin XCBuildConfiguration section */
		30D3A8EB2A3CCF520038C8D6 /* Debug */ = {
			isa = XCBuildConfiguration;
			buildSettings = {
				ALWAYS_SEARCH_USER_PATHS = NO;
				CLANG_ANALYZER_NONNULL = YES;
				CLANG_ANALYZER_NUMBER_OBJECT_CONVERSION = YES_AGGRESSIVE;
				CLANG_CXX_LANGUAGE_STANDARD = "gnu++20";
				CLANG_ENABLE_MODULES = YES;
				CLANG_ENABLE_OBJC_ARC = YES;
				CLANG_ENABLE_OBJC_WEAK = YES;
				CLANG_WARN_BLOCK_CAPTURE_AUTORELEASING = YES;
				CLANG_WARN_BOOL_CONVERSION = YES;
				CLANG_WARN_COMMA = YES;
				CLANG_WARN_CONSTANT_CONVERSION = YES;
				CLANG_WARN_DEPRECATED_OBJC_IMPLEMENTATIONS = YES;
				CLANG_WARN_DIRECT_OBJC_ISA_USAGE = YES_ERROR;
				CLANG_WARN_DOCUMENTATION_COMMENTS = YES;
				CLANG_WARN_EMPTY_BODY = YES;
				CLANG_WARN_ENUM_CONVERSION = YES;
				CLANG_WARN_INFINITE_RECURSION = YES;
				CLANG_WARN_INT_CONVERSION = YES;
				CLANG_WARN_NON_LITERAL_NULL_CONVERSION = YES;
				CLANG_WARN_OBJC_IMPLICIT_RETAIN_SELF = YES;
				CLANG_WARN_OBJC_LITERAL_CONVERSION = YES;
				CLANG_WARN_OBJC_ROOT_CLASS = YES_ERROR;
				CLANG_WARN_QUOTED_INCLUDE_IN_FRAMEWORK_HEADER = YES;
				CLANG_WARN_RANGE_LOOP_ANALYSIS = YES;
				CLANG_WARN_STRICT_PROTOTYPES = YES;
				CLANG_WARN_SUSPICIOUS_MOVE = YES;
				CLANG_WARN_UNGUARDED_AVAILABILITY = YES_AGGRESSIVE;
				CLANG_WARN_UNREACHABLE_CODE = YES;
				CLANG_WARN__DUPLICATE_METHOD_MATCH = YES;
				COPY_PHASE_STRIP = NO;
				DEBUG_INFORMATION_FORMAT = dwarf;
				ENABLE_STRICT_OBJC_MSGSEND = YES;
				ENABLE_TESTABILITY = YES;
				GCC_C_LANGUAGE_STANDARD = gnu11;
				GCC_DYNAMIC_NO_PIC = NO;
				GCC_NO_COMMON_BLOCKS = YES;
				GCC_OPTIMIZATION_LEVEL = 0;
				GCC_PREPROCESSOR_DEFINITIONS = (
					"DEBUG=1",
					"$(inherited)",
				);
				GCC_WARN_64_TO_32_BIT_CONVERSION = YES;
				GCC_WARN_ABOUT_RETURN_TYPE = YES_ERROR;
				GCC_WARN_UNDECLARED_SELECTOR = YES;
				GCC_WARN_UNINITIALIZED_AUTOS = YES_AGGRESSIVE;
				GCC_WARN_UNUSED_FUNCTION = YES;
				GCC_WARN_UNUSED_VARIABLE = YES;
				IPHONEOS_DEPLOYMENT_TARGET = 16.2;
				MTL_ENABLE_DEBUG_INFO = INCLUDE_SOURCE;
				MTL_FAST_MATH = YES;
				ONLY_ACTIVE_ARCH = YES;
				SDKROOT = iphoneos;
				SWIFT_ACTIVE_COMPILATION_CONDITIONS = DEBUG;
				SWIFT_OPTIMIZATION_LEVEL = "-Onone";
			};
			name = Debug;
		};
		30D3A8EC2A3CCF520038C8D6 /* Release */ = {
			isa = XCBuildConfiguration;
			buildSettings = {
				ALWAYS_SEARCH_USER_PATHS = NO;
				CLANG_ANALYZER_NONNULL = YES;
				CLANG_ANALYZER_NUMBER_OBJECT_CONVERSION = YES_AGGRESSIVE;
				CLANG_CXX_LANGUAGE_STANDARD = "gnu++20";
				CLANG_ENABLE_MODULES = YES;
				CLANG_ENABLE_OBJC_ARC = YES;
				CLANG_ENABLE_OBJC_WEAK = YES;
				CLANG_WARN_BLOCK_CAPTURE_AUTORELEASING = YES;
				CLANG_WARN_BOOL_CONVERSION = YES;
				CLANG_WARN_COMMA = YES;
				CLANG_WARN_CONSTANT_CONVERSION = YES;
				CLANG_WARN_DEPRECATED_OBJC_IMPLEMENTATIONS = YES;
				CLANG_WARN_DIRECT_OBJC_ISA_USAGE = YES_ERROR;
				CLANG_WARN_DOCUMENTATION_COMMENTS = YES;
				CLANG_WARN_EMPTY_BODY = YES;
				CLANG_WARN_ENUM_CONVERSION = YES;
				CLANG_WARN_INFINITE_RECURSION = YES;
				CLANG_WARN_INT_CONVERSION = YES;
				CLANG_WARN_NON_LITERAL_NULL_CONVERSION = YES;
				CLANG_WARN_OBJC_IMPLICIT_RETAIN_SELF = YES;
				CLANG_WARN_OBJC_LITERAL_CONVERSION = YES;
				CLANG_WARN_OBJC_ROOT_CLASS = YES_ERROR;
				CLANG_WARN_QUOTED_INCLUDE_IN_FRAMEWORK_HEADER = YES;
				CLANG_WARN_RANGE_LOOP_ANALYSIS = YES;
				CLANG_WARN_STRICT_PROTOTYPES = YES;
				CLANG_WARN_SUSPICIOUS_MOVE = YES;
				CLANG_WARN_UNGUARDED_AVAILABILITY = YES_AGGRESSIVE;
				CLANG_WARN_UNREACHABLE_CODE = YES;
				CLANG_WARN__DUPLICATE_METHOD_MATCH = YES;
				COPY_PHASE_STRIP = NO;
				DEBUG_INFORMATION_FORMAT = "dwarf-with-dsym";
				ENABLE_NS_ASSERTIONS = NO;
				ENABLE_STRICT_OBJC_MSGSEND = YES;
				GCC_C_LANGUAGE_STANDARD = gnu11;
				GCC_NO_COMMON_BLOCKS = YES;
				GCC_WARN_64_TO_32_BIT_CONVERSION = YES;
				GCC_WARN_ABOUT_RETURN_TYPE = YES_ERROR;
				GCC_WARN_UNDECLARED_SELECTOR = YES;
				GCC_WARN_UNINITIALIZED_AUTOS = YES_AGGRESSIVE;
				GCC_WARN_UNUSED_FUNCTION = YES;
				GCC_WARN_UNUSED_VARIABLE = YES;
				IPHONEOS_DEPLOYMENT_TARGET = 16.2;
				MTL_ENABLE_DEBUG_INFO = NO;
				MTL_FAST_MATH = YES;
				SDKROOT = iphoneos;
				SWIFT_COMPILATION_MODE = wholemodule;
				SWIFT_OPTIMIZATION_LEVEL = "-O";
				VALIDATE_PRODUCT = YES;
			};
			name = Release;
		};
		30D3A8EE2A3CCF520038C8D6 /* Debug */ = {
			isa = XCBuildConfiguration;
			buildSettings = {
				ASSETCATALOG_COMPILER_APPICON_NAME = AppIcon;
				ASSETCATALOG_COMPILER_GLOBAL_ACCENT_COLOR_NAME = AccentColor;
				CODE_SIGN_STYLE = Automatic;
				CURRENT_PROJECT_VERSION = 1;
				DEVELOPMENT_ASSET_PATHS = "\"VentureOut-RCIR/Preview Content\"";
				ENABLE_PREVIEWS = YES;
				GENERATE_INFOPLIST_FILE = YES;
				INFOPLIST_FILE = "VentureOut-RCIR/Info.plist";
				INFOPLIST_KEY_CFBundleDisplayName = "";
				INFOPLIST_KEY_LSApplicationCategoryType = "";
				INFOPLIST_KEY_UIApplicationSceneManifest_Generation = YES;
				INFOPLIST_KEY_UIApplicationSupportsIndirectInputEvents = YES;
				INFOPLIST_KEY_UILaunchScreen_Generation = YES;
				INFOPLIST_KEY_UISupportedInterfaceOrientations_iPad = "UIInterfaceOrientationPortrait UIInterfaceOrientationPortraitUpsideDown UIInterfaceOrientationLandscapeLeft UIInterfaceOrientationLandscapeRight";
				INFOPLIST_KEY_UISupportedInterfaceOrientations_iPhone = "UIInterfaceOrientationPortrait UIInterfaceOrientationLandscapeLeft UIInterfaceOrientationLandscapeRight";
				LD_RUNPATH_SEARCH_PATHS = (
					"$(inherited)",
					"@executable_path/Frameworks",
				);
				MARKETING_VERSION = 1.0;
				PRODUCT_BUNDLE_IDENTIFIER = "com.swiftUIProjects.VentureOut-RCIR";
				PRODUCT_NAME = "$(TARGET_NAME)";
				SWIFT_EMIT_LOC_STRINGS = YES;
				SWIFT_VERSION = 5.0;
				TARGETED_DEVICE_FAMILY = "1,2";
			};
			name = Debug;
		};
		30D3A8EF2A3CCF520038C8D6 /* Release */ = {
			isa = XCBuildConfiguration;
			buildSettings = {
				ASSETCATALOG_COMPILER_APPICON_NAME = AppIcon;
				ASSETCATALOG_COMPILER_GLOBAL_ACCENT_COLOR_NAME = AccentColor;
				CODE_SIGN_STYLE = Automatic;
				CURRENT_PROJECT_VERSION = 1;
				DEVELOPMENT_ASSET_PATHS = "\"VentureOut-RCIR/Preview Content\"";
				ENABLE_PREVIEWS = YES;
				GENERATE_INFOPLIST_FILE = YES;
				INFOPLIST_FILE = "VentureOut-RCIR/Info.plist";
				INFOPLIST_KEY_CFBundleDisplayName = "";
				INFOPLIST_KEY_LSApplicationCategoryType = "";
				INFOPLIST_KEY_UIApplicationSceneManifest_Generation = YES;
				INFOPLIST_KEY_UIApplicationSupportsIndirectInputEvents = YES;
				INFOPLIST_KEY_UILaunchScreen_Generation = YES;
				INFOPLIST_KEY_UISupportedInterfaceOrientations_iPad = "UIInterfaceOrientationPortrait UIInterfaceOrientationPortraitUpsideDown UIInterfaceOrientationLandscapeLeft UIInterfaceOrientationLandscapeRight";
				INFOPLIST_KEY_UISupportedInterfaceOrientations_iPhone = "UIInterfaceOrientationPortrait UIInterfaceOrientationLandscapeLeft UIInterfaceOrientationLandscapeRight";
				LD_RUNPATH_SEARCH_PATHS = (
					"$(inherited)",
					"@executable_path/Frameworks",
				);
				MARKETING_VERSION = 1.0;
				PRODUCT_BUNDLE_IDENTIFIER = "com.swiftUIProjects.VentureOut-RCIR";
				PRODUCT_NAME = "$(TARGET_NAME)";
				SWIFT_EMIT_LOC_STRINGS = YES;
				SWIFT_VERSION = 5.0;
				TARGETED_DEVICE_FAMILY = "1,2";
			};
			name = Release;
		};
		30D3A8F12A3CCF520038C8D6 /* Debug */ = {
			isa = XCBuildConfiguration;
			buildSettings = {
				ALWAYS_EMBED_SWIFT_STANDARD_LIBRARIES = YES;
				BUNDLE_LOADER = "$(TEST_HOST)";
				CODE_SIGN_STYLE = Automatic;
				CURRENT_PROJECT_VERSION = 1;
				GENERATE_INFOPLIST_FILE = YES;
				IPHONEOS_DEPLOYMENT_TARGET = 16.2;
				MARKETING_VERSION = 1.0;
				PRODUCT_BUNDLE_IDENTIFIER = "com.swiftUIProjects.VentureOut-RCIRTests";
				PRODUCT_NAME = "$(TARGET_NAME)";
				SWIFT_EMIT_LOC_STRINGS = NO;
				SWIFT_VERSION = 5.0;
				TARGETED_DEVICE_FAMILY = "1,2";
				TEST_HOST = "$(BUILT_PRODUCTS_DIR)/VentureOut-RCIR.app/$(BUNDLE_EXECUTABLE_FOLDER_PATH)/VentureOut-RCIR";
			};
			name = Debug;
		};
		30D3A8F22A3CCF520038C8D6 /* Release */ = {
			isa = XCBuildConfiguration;
			buildSettings = {
				ALWAYS_EMBED_SWIFT_STANDARD_LIBRARIES = YES;
				BUNDLE_LOADER = "$(TEST_HOST)";
				CODE_SIGN_STYLE = Automatic;
				CURRENT_PROJECT_VERSION = 1;
				GENERATE_INFOPLIST_FILE = YES;
				IPHONEOS_DEPLOYMENT_TARGET = 16.2;
				MARKETING_VERSION = 1.0;
				PRODUCT_BUNDLE_IDENTIFIER = "com.swiftUIProjects.VentureOut-RCIRTests";
				PRODUCT_NAME = "$(TARGET_NAME)";
				SWIFT_EMIT_LOC_STRINGS = NO;
				SWIFT_VERSION = 5.0;
				TARGETED_DEVICE_FAMILY = "1,2";
				TEST_HOST = "$(BUILT_PRODUCTS_DIR)/VentureOut-RCIR.app/$(BUNDLE_EXECUTABLE_FOLDER_PATH)/VentureOut-RCIR";
			};
			name = Release;
		};
		30D3A8F42A3CCF520038C8D6 /* Debug */ = {
			isa = XCBuildConfiguration;
			buildSettings = {
				ALWAYS_EMBED_SWIFT_STANDARD_LIBRARIES = YES;
				CODE_SIGN_STYLE = Automatic;
				CURRENT_PROJECT_VERSION = 1;
				GENERATE_INFOPLIST_FILE = YES;
				MARKETING_VERSION = 1.0;
				PRODUCT_BUNDLE_IDENTIFIER = "com.swiftUIProjects.VentureOut-RCIRUITests";
				PRODUCT_NAME = "$(TARGET_NAME)";
				SWIFT_EMIT_LOC_STRINGS = NO;
				SWIFT_VERSION = 5.0;
				TARGETED_DEVICE_FAMILY = "1,2";
				TEST_TARGET_NAME = "VentureOut-RCIR";
			};
			name = Debug;
		};
		30D3A8F52A3CCF520038C8D6 /* Release */ = {
			isa = XCBuildConfiguration;
			buildSettings = {
				ALWAYS_EMBED_SWIFT_STANDARD_LIBRARIES = YES;
				CODE_SIGN_STYLE = Automatic;
				CURRENT_PROJECT_VERSION = 1;
				GENERATE_INFOPLIST_FILE = YES;
				MARKETING_VERSION = 1.0;
				PRODUCT_BUNDLE_IDENTIFIER = "com.swiftUIProjects.VentureOut-RCIRUITests";
				PRODUCT_NAME = "$(TARGET_NAME)";
				SWIFT_EMIT_LOC_STRINGS = NO;
				SWIFT_VERSION = 5.0;
				TARGETED_DEVICE_FAMILY = "1,2";
				TEST_TARGET_NAME = "VentureOut-RCIR";
			};
			name = Release;
		};
/* End XCBuildConfiguration section */

/* Begin XCConfigurationList section */
		30D3A8C42A3CCF4F0038C8D6 /* Build configuration list for PBXProject "VentureOut-RCIR" */ = {
			isa = XCConfigurationList;
			buildConfigurations = (
				30D3A8EB2A3CCF520038C8D6 /* Debug */,
				30D3A8EC2A3CCF520038C8D6 /* Release */,
			);
			defaultConfigurationIsVisible = 0;
			defaultConfigurationName = Release;
		};
		30D3A8ED2A3CCF520038C8D6 /* Build configuration list for PBXNativeTarget "VentureOut-RCIR" */ = {
			isa = XCConfigurationList;
			buildConfigurations = (
				30D3A8EE2A3CCF520038C8D6 /* Debug */,
				30D3A8EF2A3CCF520038C8D6 /* Release */,
			);
			defaultConfigurationIsVisible = 0;
			defaultConfigurationName = Release;
		};
		30D3A8F02A3CCF520038C8D6 /* Build configuration list for PBXNativeTarget "VentureOut-RCIRTests" */ = {
			isa = XCConfigurationList;
			buildConfigurations = (
				30D3A8F12A3CCF520038C8D6 /* Debug */,
				30D3A8F22A3CCF520038C8D6 /* Release */,
			);
			defaultConfigurationIsVisible = 0;
			defaultConfigurationName = Release;
		};
		30D3A8F32A3CCF520038C8D6 /* Build configuration list for PBXNativeTarget "VentureOut-RCIRUITests" */ = {
			isa = XCConfigurationList;
			buildConfigurations = (
				30D3A8F42A3CCF520038C8D6 /* Debug */,
				30D3A8F52A3CCF520038C8D6 /* Release */,
			);
			defaultConfigurationIsVisible = 0;
			defaultConfigurationName = Release;
		};
/* End XCConfigurationList section */

/* Begin XCRemoteSwiftPackageReference section */
		30C700E82A4CB75800FD4ED5 /* XCRemoteSwiftPackageReference "firebase-ios-sdk" */ = {
			isa = XCRemoteSwiftPackageReference;
			repositoryURL = "https://github.com/firebase/firebase-ios-sdk";
			requirement = {
				branch = master;
				kind = branch;
			};
		};
/* End XCRemoteSwiftPackageReference section */

/* Begin XCSwiftPackageProductDependency section */
		30C700E92A4CB75800FD4ED5 /* FirebaseAppDistribution-Beta */ = {
			isa = XCSwiftPackageProductDependency;
			package = 30C700E82A4CB75800FD4ED5 /* XCRemoteSwiftPackageReference "firebase-ios-sdk" */;
			productName = "FirebaseAppDistribution-Beta";
		};
		30C700EB2A4CB75800FD4ED5 /* FirebaseAuth */ = {
			isa = XCSwiftPackageProductDependency;
			package = 30C700E82A4CB75800FD4ED5 /* XCRemoteSwiftPackageReference "firebase-ios-sdk" */;
			productName = FirebaseAuth;
		};
		30C700ED2A4CB75800FD4ED5 /* FirebaseAuthCombine-Community */ = {
			isa = XCSwiftPackageProductDependency;
			package = 30C700E82A4CB75800FD4ED5 /* XCRemoteSwiftPackageReference "firebase-ios-sdk" */;
			productName = "FirebaseAuthCombine-Community";
		};
		30C700EF2A4CB75800FD4ED5 /* FirebaseDatabase */ = {
			isa = XCSwiftPackageProductDependency;
			package = 30C700E82A4CB75800FD4ED5 /* XCRemoteSwiftPackageReference "firebase-ios-sdk" */;
			productName = FirebaseDatabase;
		};
		30C700F12A4CB75800FD4ED5 /* FirebaseFirestore */ = {
			isa = XCSwiftPackageProductDependency;
			package = 30C700E82A4CB75800FD4ED5 /* XCRemoteSwiftPackageReference "firebase-ios-sdk" */;
			productName = FirebaseFirestore;
		};
		30C700F32A4CB75800FD4ED5 /* FirebaseFirestoreCombine-Community */ = {
			isa = XCSwiftPackageProductDependency;
			package = 30C700E82A4CB75800FD4ED5 /* XCRemoteSwiftPackageReference "firebase-ios-sdk" */;
			productName = "FirebaseFirestoreCombine-Community";
		};
		30C700F52A4CB75800FD4ED5 /* FirebaseFirestoreSwift */ = {
			isa = XCSwiftPackageProductDependency;
			package = 30C700E82A4CB75800FD4ED5 /* XCRemoteSwiftPackageReference "firebase-ios-sdk" */;
			productName = FirebaseFirestoreSwift;
		};
		30C700F72A4CB75800FD4ED5 /* FirebaseFunctions */ = {
			isa = XCSwiftPackageProductDependency;
			package = 30C700E82A4CB75800FD4ED5 /* XCRemoteSwiftPackageReference "firebase-ios-sdk" */;
			productName = FirebaseFunctions;
		};
		30C700F92A4CB75800FD4ED5 /* FirebaseFunctionsCombine-Community */ = {
			isa = XCSwiftPackageProductDependency;
			package = 30C700E82A4CB75800FD4ED5 /* XCRemoteSwiftPackageReference "firebase-ios-sdk" */;
			productName = "FirebaseFunctionsCombine-Community";
		};
		30C700FB2A4CB75800FD4ED5 /* FirebaseInAppMessaging-Beta */ = {
			isa = XCSwiftPackageProductDependency;
			package = 30C700E82A4CB75800FD4ED5 /* XCRemoteSwiftPackageReference "firebase-ios-sdk" */;
			productName = "FirebaseInAppMessaging-Beta";
		};
		30C700FD2A4CB75800FD4ED5 /* FirebaseInAppMessagingSwift-Beta */ = {
			isa = XCSwiftPackageProductDependency;
			package = 30C700E82A4CB75800FD4ED5 /* XCRemoteSwiftPackageReference "firebase-ios-sdk" */;
			productName = "FirebaseInAppMessagingSwift-Beta";
		};
		30C700FF2A4CB75800FD4ED5 /* FirebaseStorage */ = {
			isa = XCSwiftPackageProductDependency;
			package = 30C700E82A4CB75800FD4ED5 /* XCRemoteSwiftPackageReference "firebase-ios-sdk" */;
			productName = FirebaseStorage;
		};
		30C701012A4CB75800FD4ED5 /* FirebaseStorageCombine-Community */ = {
			isa = XCSwiftPackageProductDependency;
			package = 30C700E82A4CB75800FD4ED5 /* XCRemoteSwiftPackageReference "firebase-ios-sdk" */;
			productName = "FirebaseStorageCombine-Community";
		};
/* End XCSwiftPackageProductDependency section */
	};
	rootObject = 30D3A8C12A3CCF4F0038C8D6 /* Project object */;
}
